Microsoft Visual Studio Solution File, Format Version 12.00
# Visual Studio Version 16
VisualStudioVersion = 16.0.30011.22
MinimumVisualStudioVersion = 10.0.40219.1
Project("{9A19103F-16F7-4668-BE54-9A1E7A4F7556}") = "AdamBarclay.Minesweeper", "src\AdamBarclay.Minesweeper\AdamBarclay.Minesweeper.csproj", "{8D5D2548-45C9-4EF6-82CF-17144F4CBAC3}"
EndProject
Project("{2150E333-8FDC-42A3-9474-1A3956D46DE8}") = "src", "src", "{4ED8903E-A126-49B6-80D8-889D735FA4A2}"
EndProject
Global
	GlobalSection(SolutionConfigurationPlatforms) = preSolution
		Debug|Any CPU = Debug|Any CPU
		Release|Any CPU = Release|Any CPU
	EndGlobalSection
	GlobalSection(ProjectConfigurationPlatforms) = postSolution
		{8D5D2548-45C9-4EF6-82CF-17144F4CBAC3}.Debug|Any CPU.ActiveCfg = Debug|Any CPU
		{8D5D2548-45C9-4EF6-82CF-17144F4CBAC3}.Debug|Any CPU.Build.0 = Debug|Any CPU
		{8D5D2548-45C9-4EF6-82CF-17144F4CBAC3}.Release|Any CPU.ActiveCfg = Release|Any CPU
		{8D5D2548-45C9-4EF6-82CF-17144F4CBAC3}.Release|Any CPU.Build.0 = Release|Any CPU
	EndGlobalSection
	GlobalSection(SolutionProperties) = preSolution
		HideSolutionNode = FALSE
	EndGlobalSection
	GlobalSection(NestedProjects) = preSolution
		{8D5D2548-45C9-4EF6-82CF-17144F4CBAC3} = {4ED8903E-A126-49B6-80D8-889D735FA4A2}
	EndGlobalSection
	GlobalSection(ExtensibilityGlobals) = postSolution
		SolutionGuid = {CE77BDB6-DB88-4301-A261-B68927023B92}
	EndGlobalSection
EndGlobal
